
Microsoft Visual Studio Solution File, Format Version 12.00
# Visual Studio Version 16
VisualStudioVersion = 16.0.31624.102
MinimumVisualStudioVersion = 10.0.40219.1
Project("{FAE04EC0-301F-11D3-BF4B-00C04F79EFBC}") = "ConsoleAppEnumeration", "ConsoleAppEnumeration\ConsoleAppEnumeration.csproj", "{FECCF2FE-AAF0-4955-845F-1436864DF3B5}"
EndProject
Global
	GlobalSection(SolutionConfigurationPlatforms) = preSolution
		Debug|Any CPU = Debug|Any CPU
		Release|Any CPU = Release|Any CPU
	EndGlobalSection
	GlobalSection(ProjectConfigurationPlatforms) = postSolution
		{FECCF2FE-AAF0-4955-845F-1436864DF3B5}.Debug|Any CPU.ActiveCfg = Debug|Any CPU
		{FECCF2FE-AAF0-4955-845F-1436864DF3B5}.Debug|Any CPU.Build.0 = Debug|Any CPU
		{FECCF2FE-AAF0-4955-845F-1436864DF3B5}.Release|Any CPU.ActiveCfg = Release|Any CPU
		{FECCF2FE-AAF0-4955-845F-1436864DF3B5}.Release|Any CPU.Build.0 = Release|Any CPU
	EndGlobalSection
	GlobalSection(SolutionProperties) = preSolution
		HideSolutionNode = FALSE
	EndGlobalSection
	GlobalSection(ExtensibilityGlobals) = postSolution
		SolutionGuid = {0A21D41D-A887-4557-8609-63DE46A6C024}
	EndGlobalSection
EndGlobal
